PODS:
  - ALSLog (0.0.4):
    - CocoaLumberjack (= 3.2.1)
    - Sentry (= 3.8.1)
  - CocoaLumberjack (3.2.1):
    - CocoaLumberjack/Default (= 3.2.1)
    - CocoaLumberjack/Extensions (= 3.2.1)
  - CocoaLumberjack/Default (3.2.1)
  - CocoaLumberjack/Extensions (3.2.1):
    - CocoaLumberjack/Default
  - KSCrash/Core (1.15.12):
    - KSCrash/Reporting/Filters/Basic
  - KSCrash/Recording (1.15.12):
    - KSCrash/Recording/Tools (= 1.15.12)
  - KSCrash/Recording/Tools (1.15.12)
  - KSCrash/Reporting/Filters/Base (1.15.12):
    - KSCrash/Recording
  - KSCrash/Reporting/Filters/Basic (1.15.12):
    - KSCrash/Recording
    - KSCrash/Reporting/Filters/Base
  - Sentry (3.8.1):
    - Sentry/Core (= 3.8.1)
    - Sentry/KSCrash (= 3.8.1)
  - Sentry/Core (3.8.1)
  - Sentry/KSCrash (3.8.1):
    - KSCrash/Core (~> 1.15.12)

DEPENDENCIES:
  - ALSLog (from `../`)

EXTERNAL SOURCES:
  ALSLog:
    :path: "../"

SPEC CHECKSUMS:
  ALSLog: 1e7030e70b87a6997976510c80c4e2eaf72e167e
  CocoaLumberjack: 2800c03334042fe80589423c8d80e582dcaec482
  KSCrash: 931b6caeebfbfe0d316007fcd209f6cb9889c624
  Sentry: 028c9f29afaa9b5c4c53c9b9a743f19130a97c10

PODFILE CHECKSUM: b73b4b1cce55e4204c8bca7f5cb646f3f078b472

COCOAPODS: 1.2.1
